
Microsoft Visual Studio Solution File, Format Version 12.00
# Visual Studio Version 16
VisualStudioVersion = 16.0.30907.101
MinimumVisualStudioVersion = 10.0.40219.1
Project("{FAE04EC0-301F-11D3-BF4B-00C04F79EFBC}") = "Zero.AspNetSiglePageMain", "Zero.AspNetSiglePageMain\Zero.AspNetSiglePageMain.csproj", "{218CD453-9052-4022-84DD-955A8BB212D3}"
EndProject
Global
	GlobalSection(SolutionConfigurationPlatforms) = preSolution
		Debug|Any CPU = Debug|Any CPU
		Release|Any CPU = Release|Any CPU
	EndGlobalSection
	GlobalSection(ProjectConfigurationPlatforms) = postSolution
		{218CD453-9052-4022-84DD-955A8BB212D3}.Debug|Any CPU.ActiveCfg = Debug|Any CPU
		{218CD453-9052-4022-84DD-955A8BB212D3}.Debug|Any CPU.Build.0 = Debug|Any CPU
		{218CD453-9052-4022-84DD-955A8BB212D3}.Release|Any CPU.ActiveCfg = Release|Any CPU
		{218CD453-9052-4022-84DD-955A8BB212D3}.Release|Any CPU.Build.0 = Release|Any CPU
	EndGlobalSection
	GlobalSection(SolutionProperties) = preSolution
		HideSolutionNode = FALSE
	EndGlobalSection
	GlobalSection(ExtensibilityGlobals) = postSolution
		SolutionGuid = {FD1E76B3-CD51-40DF-92A0-6200DDBCBF5F}
	EndGlobalSection
EndGlobal
